
Microsoft Visual Studio Solution File, Format Version 12.00
# Visual Studio Version 17
VisualStudioVersion = 17.14.36109.1 d17.14
MinimumVisualStudioVersion = 10.0.40219.1
Project("{FAE04EC0-301F-11D3-BF4B-00C04F79EFBC}") = "webapp_IAAC", "webapp_IAAC.csproj", "{EA7CAE9C-998D-449C-AB79-E8D3C65FF963}"
EndProject
Global
	GlobalSection(SolutionConfigurationPlatforms) = preSolution
		Debug|Any CPU = Debug|Any CPU
		Release|Any CPU = Release|Any CPU
	EndGlobalSection
	GlobalSection(ProjectConfigurationPlatforms) = postSolution
		{EA7CAE9C-998D-449C-AB79-E8D3C65FF963}.Debug|Any CPU.ActiveCfg = Debug|Any CPU
		{EA7CAE9C-998D-449C-AB79-E8D3C65FF963}.Debug|Any CPU.Build.0 = Debug|Any CPU
		{EA7CAE9C-998D-449C-AB79-E8D3C65FF963}.Release|Any CPU.ActiveCfg = Release|Any CPU
		{EA7CAE9C-998D-449C-AB79-E8D3C65FF963}.Release|Any CPU.Build.0 = Release|Any CPU
	EndGlobalSection
	GlobalSection(SolutionProperties) = preSolution
		HideSolutionNode = FALSE
	EndGlobalSection
	GlobalSection(ExtensibilityGlobals) = postSolution
		SolutionGuid = {AEF4CC82-FBD0-4A36-BD01-B7CDB36DBF72}
	EndGlobalSection
EndGlobal
